// !$*UTF8*$!
{
	archiveVersion = 1;
	classes = {
	};
	objectVersion = 77;
	objects = {

/* Begin PBXContainerItemProxy section */
		45279C562CF096FD00AC4DF3 /* PBXContainerItemProxy */ = {
			isa = PBXContainerItemProxy;
			containerPortal = 45279C342CF096FC00AC4DF3 /* Project object */;
			proxyType = 1;
			remoteGlobalIDString = 45279C3B2CF096FC00AC4DF3;
			remoteInfo = LearnConnect;
		};
		45279C602CF096FD00AC4DF3 /* PBXContainerItemProxy */ = {
			isa = PBXContainerItemProxy;
			containerPortal = 45279C342CF096FC00AC4DF3 /* Project object */;
			proxyType = 1;
			remoteGlobalIDString = 45279C3B2CF096FC00AC4DF3;
			remoteInfo = LearnConnect;
		};
/* End PBXContainerItemProxy section */

/* Begin PBXFileReference section */
		45279C3C2CF096FC00AC4DF3 /* LearnConnect.app */ = {isa = PBXFileReference; explicitFileType = wrapper.application; includeInIndex = 0; path = LearnConnect.app; sourceTree = BUILT_PRODUCTS_DIR; };
		45279C552CF096FD00AC4DF3 /* LearnConnectTests.xctest */ = {isa = PBXFileReference; explicitFileType = wrapper.cfbundle; includeInIndex = 0; path = LearnConnectTests.xctest; sourceTree = BUILT_PRODUCTS_DIR; };
		45279C5F2CF096FD00AC4DF3 /* LearnConnectUITests.xctest */ = {isa = PBXFileReference; explicitFileType = wrapper.cfbundle; includeInIndex = 0; path = LearnConnectUITests.xctest; sourceTree = BUILT_PRODUCTS_DIR; };
/* End PBXFileReference section */

/* Begin PBXFileSystemSynchronizedBuildFileExceptionSet section */
		45279C672CF096FD00AC4DF3 /* Exceptions for "LearnConnect" folder in "LearnConnect" target */ = {
			isa = PBXFileSystemSynchronizedBuildFileExceptionSet;
			membershipExceptions = (
				Info.plist,
			);
			target = 45279C3B2CF096FC00AC4DF3 /* LearnConnect */;
		};
/* End PBXFileSystemSynchronizedBuildFileExceptionSet section */

/* Begin PBXFileSystemSynchronizedRootGroup section */
		45279C3E2CF096FC00AC4DF3 /* LearnConnect */ = {
			isa = PBXFileSystemSynchronizedRootGroup;
			exceptions = (
				45279C672CF096FD00AC4DF3 /* Exceptions for "LearnConnect" folder in "LearnConnect" target */,
			);
			path = LearnConnect;
			sourceTree = "<group>";
		};
		45279C582CF096FD00AC4DF3 /* LearnConnectTests */ = {
			isa = PBXFileSystemSynchronizedRootGroup;
			path = LearnConnectTests;
			sourceTree = "<group>";
		};
		45279C622CF096FD00AC4DF3 /* LearnConnectUITests */ = {
			isa = PBXFileSystemSynchronizedRootGroup;
			path = LearnConnectUITests;
			sourceTree = "<group>";
		};
/* End PBXFileSystemSynchronizedRootGroup section */

/* Begin PBXFrameworksBuildPhase section */
		45279C392CF096FC00AC4DF3 /* Frameworks */ = {
			isa = PBXFrameworksBuildPhase;
			buildActionMask = 2147483647;
			files = (
			);
			runOnlyForDeploymentPostprocessing = 0;
		};
		45279C522CF096FD00AC4DF3 /* Frameworks */ = {
			isa = PBXFrameworksBuildPhase;
			buildActionMask = 2147483647;
			files = (
			);
			runOnlyForDeploymentPostprocessing = 0;
		};
		45279C5C2CF096FD00AC4DF3 /* Frameworks */ = {
			isa = PBXFrameworksBuildPhase;
			buildActionMask = 2147483647;
			files = (
			);
			runOnlyForDeploymentPostprocessing = 0;
		};
/* End PBXFrameworksBuildPhase section */

/* Begin PBXGroup section */
		45279C332CF096FC00AC4DF3 = {
			isa = PBXGroup;
			children = (
				45279C3E2CF096FC00AC4DF3 /* LearnConnect */,
				45279C582CF096FD00AC4DF3 /* LearnConnectTests */,
				45279C622CF096FD00AC4DF3 /* LearnConnectUITests */,
				45279C3D2CF096FC00AC4DF3 /* Products */,
			);
			sourceTree = "<group>";
		};
		45279C3D2CF096FC00AC4DF3 /* Products */ = {
			isa = PBXGroup;
			children = (
				45279C3C2CF096FC00AC4DF3 /* LearnConnect.app */,
				45279C552CF096FD00AC4DF3 /* LearnConnectTests.xctest */,
				45279C5F2CF096FD00AC4DF3 /* LearnConnectUITests.xctest */,
			);
			name = Products;
			sourceTree = "<group>";
		};
/* End PBXGroup section */

/* Begin PBXNativeTarget section */
		45279C3B2CF096FC00AC4DF3 /* LearnConnect */ = {
			isa = PBXNativeTarget;
			buildConfigurationList = 45279C682CF096FD00AC4DF3 /* Build configuration list for PBXNativeTarget "LearnConnect" */;
			buildPhases = (
				45279C382CF096FC00AC4DF3 /* Sources */,
				45279C392CF096FC00AC4DF3 /* Frameworks */,
				45279C3A2CF096FC00AC4DF3 /* Resources */,
			);
			buildRules = (
			);
			dependencies = (
			);
			fileSystemSynchronizedGroups = (
				45279C3E2CF096FC00AC4DF3 /* LearnConnect */,
			);
			name = LearnConnect;
			packageProductDependencies = (
			);
			productName = LearnConnect;
			productReference = 45279C3C2CF096FC00AC4DF3 /* LearnConnect.app */;
			productType = "com.apple.product-type.application";
		};
		45279C542CF096FD00AC4DF3 /* LearnConnectTests */ = {
			isa = PBXNativeTarget;
			buildConfigurationList = 45279C6D2CF096FD00AC4DF3 /* Build configuration list for PBXNativeTarget "LearnConnectTests" */;
			buildPhases = (
				45279C512CF096FD00AC4DF3 /* Sources */,
				45279C522CF096FD00AC4DF3 /* Frameworks */,
				45279C532CF096FD00AC4DF3 /* Resources */,
			);
			buildRules = (
			);
			dependencies = (
				45279C572CF096FD00AC4DF3 /* PBXTargetDependency */,
			);
			fileSystemSynchronizedGroups = (
				45279C582CF096FD00AC4DF3 /* LearnConnectTests */,
			);
			name = LearnConnectTests;
			packageProductDependencies = (
			);
			productName = LearnConnectTests;
			productReference = 45279C552CF096FD00AC4DF3 /* LearnConnectTests.xctest */;
			productType = "com.apple.product-type.bundle.unit-test";
		};
		45279C5E2CF096FD00AC4DF3 /* LearnConnectUITests */ = {
			isa = PBXNativeTarget;
			buildConfigurationList = 45279C702CF096FD00AC4DF3 /* Build configuration list for PBXNativeTarget "LearnConnectUITests" */;
			buildPhases = (
				45279C5B2CF096FD00AC4DF3 /* Sources */,
				45279C5C2CF096FD00AC4DF3 /* Frameworks */,
				45279C5D2CF096FD00AC4DF3 /* Resources */,
			);
			buildRules = (
			);
			dependencies = (
				45279C612CF096FD00AC4DF3 /* PBXTargetDependency */,
			);
			fileSystemSynchronizedGroups = (
				45279C622CF096FD00AC4DF3 /* LearnConnectUITests */,
			);
			name = LearnConnectUITests;
			packageProductDependencies = (
			);
			productName = LearnConnectUITests;
			productReference = 45279C5F2CF096FD00AC4DF3 /* LearnConnectUITests.xctest */;
			productType = "com.apple.product-type.bundle.ui-testing";
		};
/* End PBXNativeTarget section */

/* Begin PBXProject section */
		45279C342CF096FC00AC4DF3 /* Project object */ = {
			isa = PBXProject;
			attributes = {
				BuildIndependentTargetsInParallel = 1;
				LastSwiftUpdateCheck = 1600;
				LastUpgradeCheck = 1600;
				TargetAttributes = {
					45279C3B2CF096FC00AC4DF3 = {
						CreatedOnToolsVersion = 16.0;
					};
					45279C542CF096FD00AC4DF3 = {
						CreatedOnToolsVersion = 16.0;
						TestTargetID = 45279C3B2CF096FC00AC4DF3;
					};
					45279C5E2CF096FD00AC4DF3 = {
						CreatedOnToolsVersion = 16.0;
						TestTargetID = 45279C3B2CF096FC00AC4DF3;
					};
				};
			};
			buildConfigurationList = 45279C372CF096FC00AC4DF3 /* Build configuration list for PBXProject "LearnConnect" */;
			developmentRegion = en;
			hasScannedForEncodings = 0;
			knownRegions = (
				en,
				Base,
			);
			mainGroup = 45279C332CF096FC00AC4DF3;
			minimizedProjectReferenceProxies = 1;
			preferredProjectObjectVersion = 77;
			productRefGroup = 45279C3D2CF096FC00AC4DF3 /* Products */;
			projectDirPath = "";
			projectRoot = "";
			targets = (
				45279C3B2CF096FC00AC4DF3 /* LearnConnect */,
				45279C542CF096FD00AC4DF3 /* LearnConnectTests */,
				45279C5E2CF096FD00AC4DF3 /* LearnConnectUITests */,
			);
		};
/* End PBXProject section */

/* Begin PBXResourcesBuildPhase section */
		45279C3A2CF096FC00AC4DF3 /* Resources */ = {
			isa = PBXResourcesBuildPhase;
			buildActionMask = 2147483647;
			files = (
			);
			runOnlyForDeploymentPostprocessing = 0;
		};
		45279C532CF096FD00AC4DF3 /* Resources */ = {
			isa = PBXResourcesBuildPhase;
			buildActionMask = 2147483647;
			files = (
			);
			runOnlyForDeploymentPostprocessing = 0;
		};
		45279C5D2CF096FD00AC4DF3 /* Resources */ = {
			isa = PBXResourcesBuildPhase;
			buildActionMask = 2147483647;
			files = (
			);
			runOnlyForDeploymentPostprocessing = 0;
		};
/* End PBXResourcesBuildPhase section */

/* Begin PBXSourcesBuildPhase section */
		45279C382CF096FC00AC4DF3 /* Sources */ = {
			isa = PBXSourcesBuildPhase;
			buildActionMask = 2147483647;
			files = (
			);
			runOnlyForDeploymentPostprocessing = 0;
		};
		45279C512CF096FD00AC4DF3 /* Sources */ = {
			isa = PBXSourcesBuildPhase;
			buildActionMask = 2147483647;
			files = (
			);
			runOnlyForDeploymentPostprocessing = 0;
		};
		45279C5B2CF096FD00AC4DF3 /* Sources */ = {
			isa = PBXSourcesBuildPhase;
			buildActionMask = 2147483647;
			files = (
			);
			runOnlyForDeploymentPostprocessing = 0;
		};
/* End PBXSourcesBuildPhase section */

/* Begin PBXTargetDependency section */
		45279C572CF096FD00AC4DF3 /* PBXTargetDependency */ = {
			isa = PBXTargetDependency;
			target = 45279C3B2CF096FC00AC4DF3 /* LearnConnect */;
			targetProxy = 45279C562CF096FD00AC4DF3 /* PBXContainerItemProxy */;
		};
		45279C612CF096FD00AC4DF3 /* PBXTargetDependency */ = {
			isa = PBXTargetDependency;
			target = 45279C3B2CF096FC00AC4DF3 /* LearnConnect */;
			targetProxy = 45279C602CF096FD00AC4DF3 /* PBXContainerItemProxy */;
		};
/* End PBXTargetDependency section */

/* Begin XCBuildConfiguration section */
		45279C692CF096FD00AC4DF3 /* Debug */ = {
			isa = XCBuildConfiguration;
			buildSettings = {
				ASSETCATALOG_COMPILER_APPICON_NAME = AppIcon;
				ASSETCATALOG_COMPILER_GLOBAL_ACCENT_COLOR_NAME = AccentColor;
				CODE_SIGN_STYLE = Automatic;
				CURRENT_PROJECT_VERSION = 1;
				GENERATE_INFOPLIST_FILE = YES;
				INFOPLIST_FILE = LearnConnect/Info.plist;
				INFOPLIST_KEY_UIApplicationSupportsIndirectInputEvents = YES;
				INFOPLIST_KEY_UILaunchStoryboardName = LaunchScreen;
				INFOPLIST_KEY_UIMainStoryboardFile = Main;
				INFOPLIST_KEY_UISupportedInterfaceOrientations_iPad = "UIInterfaceOrientationPortrait UIInterfaceOrientationPortraitUpsideDown UIInterfaceOrientationLandscapeLeft UIInterfaceOrientationLandscapeRight";
				INFOPLIST_KEY_UISupportedInterfaceOrientations_iPhone = "UIInterfaceOrientationPortrait UIInterfaceOrientationLandscapeLeft UIInterfaceOrientationLandscapeRight";
				LD_RUNPATH_SEARCH_PATHS = (
					"$(inherited)",
					"@executable_path/Frameworks",
				);
				MARKETING_VERSION = 1.0;
				PRODUCT_BUNDLE_IDENTIFIER = com.mustafagulden.LearnConnect;
				PRODUCT_NAME = "$(TARGET_NAME)";
				SWIFT_EMIT_LOC_STRINGS = YES;
				SWIFT_VERSION = 5.0;
				TARGETED_DEVICE_FAMILY = "1,2";
			};
			name = Debug;
		};
		45279C6A2CF096FD00AC4DF3 /* Release */ = {
			isa = XCBuildConfiguration;
			buildSettings = {
				ASSETCATALOG_COMPILER_APPICON_NAME = AppIcon;
				ASSETCATALOG_COMPILER_GLOBAL_ACCENT_COLOR_NAME = AccentColor;
				CODE_SIGN_STYLE = Automatic;
				CURRENT_PROJECT_VERSION = 1;
				GENERATE_INFOPLIST_FILE = YES;
				INFOPLIST_FILE = LearnConnect/Info.plist;
				INFOPLIST_KEY_UIApplicationSupportsIndirectInputEvents = YES;
				INFOPLIST_KEY_UILaunchStoryboardName = LaunchScreen;
				INFOPLIST_KEY_UIMainStoryboardFile = Main;
				INFOPLIST_KEY_UISupportedInterfaceOrientations_iPad = "UIInterfaceOrientationPortrait UIInterfaceOrientationPortraitUpsideDown UIInterfaceOrientationLandscapeLeft UIInterfaceOrientationLandscapeRight";
				INFOPLIST_KEY_UISupportedInterfaceOrientations_iPhone = "UIInterfaceOrientationPortrait UIInterfaceOrientationLandscapeLeft UIInterfaceOrientationLandscapeRight";
				LD_RUNPATH_SEARCH_PATHS = (
					"$(inherited)",
					"@executable_path/Frameworks",
				);
				MARKETING_VERSION = 1.0;
				PRODUCT_BUNDLE_IDENTIFIER = com.mustafagulden.LearnConnect;
				PRODUCT_NAME = "$(TARGET_NAME)";
				SWIFT_EMIT_LOC_STRINGS = YES;
				SWIFT_VERSION = 5.0;
				TARGETED_DEVICE_FAMILY = "1,2";
			};
			name = Release;
		};
		45279C6B2CF096FD00AC4DF3 /* Debug */ = {
			isa = XCBuildConfiguration;
			buildSettings = {
				ALWAYS_SEARCH_USER_PATHS = NO;
				ASSETCATALOG_COMPILER_GENERATE_SWIFT_ASSET_SYMBOL_EXTENSIONS = YES;
				CLANG_ANALYZER_NONNULL = YES;
				CLANG_ANALYZER_NUMBER_OBJECT_CONVERSION = YES_AGGRESSIVE;
				CLANG_CXX_LANGUAGE_STANDARD = "gnu++20";
				CLANG_ENABLE_MODULES = YES;
				CLANG_ENABLE_OBJC_ARC = YES;
				CLANG_ENABLE_OBJC_WEAK = YES;
				CLANG_WARN_BLOCK_CAPTURE_AUTORELEASING = YES;
				CLANG_WARN_BOOL_CONVERSION = YES;
				CLANG_WARN_COMMA = YES;
				CLANG_WARN_CONSTANT_CONVERSION = YES;
				CLANG_WARN_DEPRECATED_OBJC_IMPLEMENTATIONS = YES;
				CLANG_WARN_DIRECT_OBJC_ISA_USAGE = YES_ERROR;
				CLANG_WARN_DOCUMENTATION_COMMENTS = YES;
				CLANG_WARN_EMPTY_BODY = YES;
				CLANG_WARN_ENUM_CONVERSION = YES;
				CLANG_WARN_INFINITE_RECURSION = YES;
				CLANG_WARN_INT_CONVERSION = YES;
				CLANG_WARN_NON_LITERAL_NULL_CONVERSION = YES;
				CLANG_WARN_OBJC_IMPLICIT_RETAIN_SELF = YES;
				CLANG_WARN_OBJC_LITERAL_CONVERSION = YES;
				CLANG_WARN_OBJC_ROOT_CLASS = YES_ERROR;
				CLANG_WARN_QUOTED_INCLUDE_IN_FRAMEWORK_HEADER = YES;
				CLANG_WARN_RANGE_LOOP_ANALYSIS = YES;
				CLANG_WARN_STRICT_PROTOTYPES = YES;
				CLANG_WARN_SUSPICIOUS_MOVE = YES;
				CLANG_WARN_UNGUARDED_AVAILABILITY = YES_AGGRESSIVE;
				CLANG_WARN_UNREACHABLE_CODE = YES;
				CLANG_WARN__DUPLICATE_METHOD_MATCH = YES;
				COPY_PHASE_STRIP = NO;
				DEBUG_INFORMATION_FORMAT = dwarf;
				ENABLE_STRICT_OBJC_MSGSEND = YES;
				ENABLE_TESTABILITY = YES;
				ENABLE_USER_SCRIPT_SANDBOXING = YES;
				GCC_C_LANGUAGE_STANDARD = gnu17;
				GCC_DYNAMIC_NO_PIC = NO;
				GCC_NO_COMMON_BLOCKS = YES;
				GCC_OPTIMIZATION_LEVEL = 0;
				GCC_PREPROCESSOR_DEFINITIONS = (
					"DEBUG=1",
					"$(inherited)",
				);
				GCC_WARN_64_TO_32_BIT_CONVERSION = YES;
				GCC_WARN_ABOUT_RETURN_TYPE = YES_ERROR;
				GCC_WARN_UNDECLARED_SELECTOR = YES;
				GCC_WARN_UNINITIALIZED_AUTOS = YES_AGGRESSIVE;
				GCC_WARN_UNUSED_FUNCTION = YES;
				GCC_WARN_UNUSED_VARIABLE = YES;
				IPHONEOS_DEPLOYMENT_TARGET = 18.0;
				LOCALIZATION_PREFERS_STRING_CATALOGS = YES;
				MTL_ENABLE_DEBUG_INFO = INCLUDE_SOURCE;
				MTL_FAST_MATH = YES;
				ONLY_ACTIVE_ARCH = YES;
				SDKROOT = iphoneos;
				SWIFT_ACTIVE_COMPILATION_CONDITIONS = "DEBUG $(inherited)";
				SWIFT_OPTIMIZATION_LEVEL = "-Onone";
			};
			name = Debug;
		};
		45279C6C2CF096FD00AC4DF3 /* Release */ = {
			isa = XCBuildConfiguration;
			buildSettings = {
				ALWAYS_SEARCH_USER_PATHS = NO;
				ASSETCATALOG_COMPILER_GENERATE_SWIFT_ASSET_SYMBOL_EXTENSIONS = YES;
				CLANG_ANALYZER_NONNULL = YES;
				CLANG_ANALYZER_NUMBER_OBJECT_CONVERSION = YES_AGGRESSIVE;
				CLANG_CXX_LANGUAGE_STANDARD = "gnu++20";
				CLANG_ENABLE_MODULES = YES;
				CLANG_ENABLE_OBJC_ARC = YES;
				CLANG_ENABLE_OBJC_WEAK = YES;
				CLANG_WARN_BLOCK_CAPTURE_AUTORELEASING = YES;
				CLANG_WARN_BOOL_CONVERSION = YES;
				CLANG_WARN_COMMA = YES;
				CLANG_WARN_CONSTANT_CONVERSION = YES;
				CLANG_WARN_DEPRECATED_OBJC_IMPLEMENTATIONS = YES;
				CLANG_WARN_DIRECT_OBJC_ISA_USAGE = YES_ERROR;
				CLANG_WARN_DOCUMENTATION_COMMENTS = YES;
				CLANG_WARN_EMPTY_BODY = YES;
				CLANG_WARN_ENUM_CONVERSION = YES;
				CLANG_WARN_INFINITE_RECURSION = YES;
				CLANG_WARN_INT_CONVERSION = YES;
				CLANG_WARN_NON_LITERAL_NULL_CONVERSION = YES;
				CLANG_WARN_OBJC_IMPLICIT_RETAIN_SELF = YES;
				CLANG_WARN_OBJC_LITERAL_CONVERSION = YES;
				CLANG_WARN_OBJC_ROOT_CLASS = YES_ERROR;
				CLANG_WARN_QUOTED_INCLUDE_IN_FRAMEWORK_HEADER = YES;
				CLANG_WARN_RANGE_LOOP_ANALYSIS = YES;
				CLANG_WARN_STRICT_PROTOTYPES = YES;
				CLANG_WARN_SUSPICIOUS_MOVE = YES;
				CLANG_WARN_UNGUARDED_AVAILABILITY = YES_AGGRESSIVE;
				CLANG_WARN_UNREACHABLE_CODE = YES;
				CLANG_WARN__DUPLICATE_METHOD_MATCH = YES;
				COPY_PHASE_STRIP = NO;
				DEBUG_INFORMATION_FORMAT = "dwarf-with-dsym";
				ENABLE_NS_ASSERTIONS = NO;
				ENABLE_STRICT_OBJC_MSGSEND = YES;
				ENABLE_USER_SCRIPT_SANDBOXING = YES;
				GCC_C_LANGUAGE_STANDARD = gnu17;
				GCC_NO_COMMON_BLOCKS = YES;
				GCC_WARN_64_TO_32_BIT_CONVERSION = YES;
				GCC_WARN_ABOUT_RETURN_TYPE = YES_ERROR;
				GCC_WARN_UNDECLARED_SELECTOR = YES;
				GCC_WARN_UNINITIALIZED_AUTOS = YES_AGGRESSIVE;
				GCC_WARN_UNUSED_FUNCTION = YES;
				GCC_WARN_UNUSED_VARIABLE = YES;
				IPHONEOS_DEPLOYMENT_TARGET = 18.0;
				LOCALIZATION_PREFERS_STRING_CATALOGS = YES;
				MTL_ENABLE_DEBUG_INFO = NO;
				MTL_FAST_MATH = YES;
				SDKROOT = iphoneos;
				SWIFT_COMPILATION_MODE = wholemodule;
				VALIDATE_PRODUCT = YES;
			};
			name = Release;
		};
		45279C6E2CF096FD00AC4DF3 /* Debug */ = {
			isa = XCBuildConfiguration;
			buildSettings = {
				BUNDLE_LOADER = "$(TEST_HOST)";
				CODE_SIGN_STYLE = Automatic;
				CURRENT_PROJECT_VERSION = 1;
				GENERATE_INFOPLIST_FILE = YES;
				IPHONEOS_DEPLOYMENT_TARGET = 18.0;
				MARKETING_VERSION = 1.0;
				PRODUCT_BUNDLE_IDENTIFIER = com.mustafagulden.LearnConnectTests;
				PRODUCT_NAME = "$(TARGET_NAME)";
				SWIFT_EMIT_LOC_STRINGS = NO;
				SWIFT_VERSION = 5.0;
				TARGETED_DEVICE_FAMILY = "1,2";
				TEST_HOST = "$(BUILT_PRODUCTS_DIR)/LearnConnect.app/$(BUNDLE_EXECUTABLE_FOLDER_PATH)/LearnConnect";
			};
			name = Debug;
		};
		45279C6F2CF096FD00AC4DF3 /* Release */ = {
			isa = XCBuildConfiguration;
			buildSettings = {
				BUNDLE_LOADER = "$(TEST_HOST)";
				CODE_SIGN_STYLE = Automatic;
				CURRENT_PROJECT_VERSION = 1;
				GENERATE_INFOPLIST_FILE = YES;
				IPHONEOS_DEPLOYMENT_TARGET = 18.0;
				MARKETING_VERSION = 1.0;
				PRODUCT_BUNDLE_IDENTIFIER = com.mustafagulden.LearnConnectTests;
				PRODUCT_NAME = "$(TARGET_NAME)";
				SWIFT_EMIT_LOC_STRINGS = NO;
				SWIFT_VERSION = 5.0;
				TARGETED_DEVICE_FAMILY = "1,2";
				TEST_HOST = "$(BUILT_PRODUCTS_DIR)/LearnConnect.app/$(BUNDLE_EXECUTABLE_FOLDER_PATH)/LearnConnect";
			};
			name = Release;
		};
		45279C712CF096FD00AC4DF3 /* Debug */ = {
			isa = XCBuildConfiguration;
			buildSettings = {
				CODE_SIGN_STYLE = Automatic;
				CURRENT_PROJECT_VERSION = 1;
				GENERATE_INFOPLIST_FILE = YES;
				MARKETING_VERSION = 1.0;
				PRODUCT_BUNDLE_IDENTIFIER = com.mustafagulden.LearnConnectUITests;
				PRODUCT_NAME = "$(TARGET_NAME)";
				SWIFT_EMIT_LOC_STRINGS = NO;
				SWIFT_VERSION = 5.0;
				TARGETED_DEVICE_FAMILY = "1,2";
				TEST_TARGET_NAME = LearnConnect;
			};
			name = Debug;
		};
		45279C722CF096FD00AC4DF3 /* Release */ = {
			isa = XCBuildConfiguration;
			buildSettings = {
				CODE_SIGN_STYLE = Automatic;
				CURRENT_PROJECT_VERSION = 1;
				GENERATE_INFOPLIST_FILE = YES;
				MARKETING_VERSION = 1.0;
				PRODUCT_BUNDLE_IDENTIFIER = com.mustafagulden.LearnConnectUITests;
				PRODUCT_NAME = "$(TARGET_NAME)";
				SWIFT_EMIT_LOC_STRINGS = NO;
				SWIFT_VERSION = 5.0;
				TARGETED_DEVICE_FAMILY = "1,2";
				TEST_TARGET_NAME = LearnConnect;
			};
			name = Release;
		};
/* End XCBuildConfiguration section */

/* Begin XCConfigurationList section */
		45279C372CF096FC00AC4DF3 /* Build configuration list for PBXProject "LearnConnect" */ = {
			isa = XCConfigurationList;
			buildConfigurations = (
				45279C6B2CF096FD00AC4DF3 /* Debug */,
				45279C6C2CF096FD00AC4DF3 /* Release */,
			);
			defaultConfigurationIsVisible = 0;
			defaultConfigurationName = Release;
		};
		45279C682CF096FD00AC4DF3 /* Build configuration list for PBXNativeTarget "LearnConnect" */ = {
			isa = XCConfigurationList;
			buildConfigurations = (
				45279C692CF096FD00AC4DF3 /* Debug */,
				45279C6A2CF096FD00AC4DF3 /* Release */,
			);
			defaultConfigurationIsVisible = 0;
			defaultConfigurationName = Release;
		};
		45279C6D2CF096FD00AC4DF3 /* Build configuration list for PBXNativeTarget "LearnConnectTests" */ = {
			isa = XCConfigurationList;
			buildConfigurations = (
				45279C6E2CF096FD00AC4DF3 /* Debug */,
				45279C6F2CF096FD00AC4DF3 /* Release */,
			);
			defaultConfigurationIsVisible = 0;
			defaultConfigurationName = Release;
		};
		45279C702CF096FD00AC4DF3 /* Build configuration list for PBXNativeTarget "LearnConnectUITests" */ = {
			isa = XCConfigurationList;
			buildConfigurations = (
				45279C712CF096FD00AC4DF3 /* Debug */,
				45279C722CF096FD00AC4DF3 /* Release */,
			);
			defaultConfigurationIsVisible = 0;
			defaultConfigurationName = Release;
		};
/* End XCConfigurationList section */
	};
	rootObject = 45279C342CF096FC00AC4DF3 /* Project object */;
}
